# This file is autogenerated, do not edit; changes may be undone by the next 'dep ensure'.


[[projects]]
  branch = "master"
  digest = "1:aad8b2df9f6bced2c68875f736c5f3f86c227a64c3181caaa018cc789105f638"
  name = "github.com/appscode/go-querystring"
  packages = ["query"]
  pruneopts = "UT"
  revision = "0126cfb3f1dc04c68153a509c79e769ecb419a42"

[[projects]]
  digest = "1:320e7ead93de9fd2b0e59b50fd92a4d50c1f8ab455d96bc2eb083267453a9709"
  name = "github.com/asaskevich/govalidator"
  packages = ["."]
  pruneopts = "UT"
  revision = "ccb8e960c48f04d6935e72476ae4a51028f9e22f"
  version = "v9"

[[projects]]
  digest = "1:40e195917a951a8bf867cd05de2a46aaf1806c50cf92eebf4c16f78cd196f747"
  name = "github.com/pkg/errors"
  packages = ["."]
  pruneopts = "UT"
  revision = "645ef00459ed84a119197bfb8d8205042c6df63d"
  version = "v0.8.0"

[[projects]]
  branch = "master"
  digest = "1:a412caf33b5d3c7938c28e1e745c10664bd180277b73ab3b34c0c467886f9969"
  name = "golang.org/x/net"
  packages = [
    "idna",
    "publicsuffix",
  ]
  pruneopts = "UT"
  revision = "c39426892332e1bb5ec0a434a079bf82f5d30c54"

[[projects]]
  digest = "1:a2ab62866c75542dd18d2b069fec854577a20211d7c0ea6ae746072a1dccdd18"
  name = "golang.org/x/text"
  packages = [
    "collate",
    "collate/build",
    "internal/colltab",
    "internal/gen",
    "internal/tag",
    "internal/triegen",
    "internal/ucd",
    "language",
    "secure/bidirule",
    "transform",
    "unicode/bidi",
    "unicode/cldr",
    "unicode/norm",
    "unicode/rangetable",
  ]
  pruneopts = "UT"
  revision = "f21a4dfb5e38f5895301dc265a8def02365cc3d0"
  version = "v0.3.0"

[[projects]]
  digest = "1:cf9c32df6fe209f9b5db1aa91c6e4084d3867baa9063803df07c5b80a37f1f90"
  name = "gopkg.in/resty.v1"
  packages = ["."]
  pruneopts = "UT"
  revision = "97a15579492cd5f35632499f315d7a8df94160a1"
  version = "v1.8.0"

[solve-meta]
  analyzer-name = "dep"
  analyzer-version = 1
  input-imports = [
    "github.com/appscode/go-querystring/query",
    "github.com/asaskevich/govalidator",
    "github.com/pkg/errors",
    "gopkg.in/resty.v1",
  ]
  solver-name = "gps-cdcl"
  solver-version = 1
